
Microsoft Visual Studio Solution File, Format Version 12.00
# Visual Studio 15
VisualStudioVersion = 15.0.27004.2005
MinimumVisualStudioVersion = 10.0.40219.1
Project("{FAE04EC0-301F-11D3-BF4B-00C04F79EFBC}") = "TaskManagement", "TaskManagement\TaskManagement.csproj", "{1D43B9B4-DFDF-4CCD-86D3-6D2787213BE1}"
EndProject
Global
	GlobalSection(SolutionConfigurationPlatforms) = preSolution
		Debug|Any CPU = Debug|Any CPU
		Release|Any CPU = Release|Any CPU
	EndGlobalSection
	GlobalSection(ProjectConfigurationPlatforms) = postSolution
		{1D43B9B4-DFDF-4CCD-86D3-6D2787213BE1}.Debug|Any CPU.ActiveCfg = Debug|Any CPU
		{1D43B9B4-DFDF-4CCD-86D3-6D2787213BE1}.Debug|Any CPU.Build.0 = Debug|Any CPU
		{1D43B9B4-DFDF-4CCD-86D3-6D2787213BE1}.Release|Any CPU.ActiveCfg = Release|Any CPU
		{1D43B9B4-DFDF-4CCD-86D3-6D2787213BE1}.Release|Any CPU.Build.0 = Release|Any CPU
	EndGlobalSection
	GlobalSection(SolutionProperties) = preSolution
		HideSolutionNode = FALSE
	EndGlobalSection
	GlobalSection(ExtensibilityGlobals) = postSolution
		SolutionGuid = {D5B24216-F264-4AA6-B6CC-2FAEBB773B8C}
	EndGlobalSection
EndGlobal
